
Microsoft Visual Studio Solution File, Format Version 12.00
# Visual Studio Version 16
VisualStudioVersion = 16.0.30406.217
MinimumVisualStudioVersion = 10.0.40219.1
Project("{FAE04EC0-301F-11D3-BF4B-00C04F79EFBC}") = "device", "device\device.csproj", "{8C713942-39A4-4E61-BACA-2F76E0A1EAEE}"
EndProject
Global
	GlobalSection(SolutionConfigurationPlatforms) = preSolution
		Debug|Any CPU = Debug|Any CPU
		Release|Any CPU = Release|Any CPU
	EndGlobalSection
	GlobalSection(ProjectConfigurationPlatforms) = postSolution
		{8C713942-39A4-4E61-BACA-2F76E0A1EAEE}.Debug|Any CPU.ActiveCfg = Debug|Any CPU
		{8C713942-39A4-4E61-BACA-2F76E0A1EAEE}.Debug|Any CPU.Build.0 = Debug|Any CPU
		{8C713942-39A4-4E61-BACA-2F76E0A1EAEE}.Release|Any CPU.ActiveCfg = Release|Any CPU
		{8C713942-39A4-4E61-BACA-2F76E0A1EAEE}.Release|Any CPU.Build.0 = Release|Any CPU
	EndGlobalSection
	GlobalSection(SolutionProperties) = preSolution
		HideSolutionNode = FALSE
	EndGlobalSection
	GlobalSection(ExtensibilityGlobals) = postSolution
		SolutionGuid = {57B3716F-2FD8-4D73-BA1C-A95721E66A7D}
	EndGlobalSection
EndGlobal
